
Microsoft Visual Studio Solution File, Format Version 12.00
# Visual Studio Version 17
VisualStudioVersion = 17.12.35707.178
MinimumVisualStudioVersion = 10.0.40219.1
Project("{FAE04EC0-301F-11D3-BF4B-00C04F79EFBC}") = "ConsoleMenu", "ConsoleMenu\ConsoleMenu.csproj", "{D95F342A-2333-49A5-847F-5B86830350AA}"
EndProject
Project("{FAE04EC0-301F-11D3-BF4B-00C04F79EFBC}") = "Person", "Person\Person.csproj", "{C7BB3913-5D8A-43F3-8580-AAE4FB03F165}"
EndProject
Project("{FAE04EC0-301F-11D3-BF4B-00C04F79EFBC}") = "Weekday", "Weekday\Weekday.csproj", "{03230BED-6BB8-4F56-9F32-F7811445F6E0}"
EndProject
Project("{FAE04EC0-301F-11D3-BF4B-00C04F79EFBC}") = "PrettyString", "PrettyString\PrettyString.csproj", "{18E5B742-E037-4D4A-9A61-002C29C298C0}"
EndProject
Project("{FAE04EC0-301F-11D3-BF4B-00C04F79EFBC}") = "test", "test\test.csproj", "{15038432-0331-4D5E-B46B-368F65C029FC}"
EndProject
Project("{FAE04EC0-301F-11D3-BF4B-00C04F79EFBC}") = "Book", "Book\Book.csproj", "{55785A31-C2B9-453B-888E-8F81AC51ED58}"
EndProject
Project("{FAE04EC0-301F-11D3-BF4B-00C04F79EFBC}") = "Bicycle", "Bicycle\Bicycle.csproj", "{6BC488EB-DD85-4D35-8671-23BD6620BD24}"
EndProject
Project("{FAE04EC0-301F-11D3-BF4B-00C04F79EFBC}") = "Configuration Data", "Configuration Data\Configuration Data.csproj", "{351D5DA0-09B4-4EE3-897E-7E18BAD96D6E}"
EndProject
Global
	GlobalSection(SolutionConfigurationPlatforms) = preSolution
		Debug|Any CPU = Debug|Any CPU
		Release|Any CPU = Release|Any CPU
	EndGlobalSection
	GlobalSection(ProjectConfigurationPlatforms) = postSolution
		{D95F342A-2333-49A5-847F-5B86830350AA}.Debug|Any CPU.ActiveCfg = Debug|Any CPU
		{D95F342A-2333-49A5-847F-5B86830350AA}.Debug|Any CPU.Build.0 = Debug|Any CPU
		{D95F342A-2333-49A5-847F-5B86830350AA}.Release|Any CPU.ActiveCfg = Release|Any CPU
		{D95F342A-2333-49A5-847F-5B86830350AA}.Release|Any CPU.Build.0 = Release|Any CPU
		{C7BB3913-5D8A-43F3-8580-AAE4FB03F165}.Debug|Any CPU.ActiveCfg = Debug|Any CPU
		{C7BB3913-5D8A-43F3-8580-AAE4FB03F165}.Debug|Any CPU.Build.0 = Debug|Any CPU
		{C7BB3913-5D8A-43F3-8580-AAE4FB03F165}.Release|Any CPU.ActiveCfg = Release|Any CPU
		{C7BB3913-5D8A-43F3-8580-AAE4FB03F165}.Release|Any CPU.Build.0 = Release|Any CPU
		{03230BED-6BB8-4F56-9F32-F7811445F6E0}.Debug|Any CPU.ActiveCfg = Debug|Any CPU
		{03230BED-6BB8-4F56-9F32-F7811445F6E0}.Debug|Any CPU.Build.0 = Debug|Any CPU
		{03230BED-6BB8-4F56-9F32-F7811445F6E0}.Release|Any CPU.ActiveCfg = Release|Any CPU
		{03230BED-6BB8-4F56-9F32-F7811445F6E0}.Release|Any CPU.Build.0 = Release|Any CPU
		{18E5B742-E037-4D4A-9A61-002C29C298C0}.Debug|Any CPU.ActiveCfg = Debug|Any CPU
		{18E5B742-E037-4D4A-9A61-002C29C298C0}.Debug|Any CPU.Build.0 = Debug|Any CPU
		{18E5B742-E037-4D4A-9A61-002C29C298C0}.Release|Any CPU.ActiveCfg = Release|Any CPU
		{18E5B742-E037-4D4A-9A61-002C29C298C0}.Release|Any CPU.Build.0 = Release|Any CPU
		{15038432-0331-4D5E-B46B-368F65C029FC}.Debug|Any CPU.ActiveCfg = Debug|Any CPU
		{15038432-0331-4D5E-B46B-368F65C029FC}.Debug|Any CPU.Build.0 = Debug|Any CPU
		{15038432-0331-4D5E-B46B-368F65C029FC}.Release|Any CPU.ActiveCfg = Release|Any CPU
		{15038432-0331-4D5E-B46B-368F65C029FC}.Release|Any CPU.Build.0 = Release|Any CPU
		{55785A31-C2B9-453B-888E-8F81AC51ED58}.Debug|Any CPU.ActiveCfg = Debug|Any CPU
		{55785A31-C2B9-453B-888E-8F81AC51ED58}.Debug|Any CPU.Build.0 = Debug|Any CPU
		{55785A31-C2B9-453B-888E-8F81AC51ED58}.Release|Any CPU.ActiveCfg = Release|Any CPU
		{55785A31-C2B9-453B-888E-8F81AC51ED58}.Release|Any CPU.Build.0 = Release|Any CPU
		{6BC488EB-DD85-4D35-8671-23BD6620BD24}.Debug|Any CPU.ActiveCfg = Debug|Any CPU
		{6BC488EB-DD85-4D35-8671-23BD6620BD24}.Debug|Any CPU.Build.0 = Debug|Any CPU
		{6BC488EB-DD85-4D35-8671-23BD6620BD24}.Release|Any CPU.ActiveCfg = Release|Any CPU
		{6BC488EB-DD85-4D35-8671-23BD6620BD24}.Release|Any CPU.Build.0 = Release|Any CPU
		{351D5DA0-09B4-4EE3-897E-7E18BAD96D6E}.Debug|Any CPU.ActiveCfg = Debug|Any CPU
		{351D5DA0-09B4-4EE3-897E-7E18BAD96D6E}.Debug|Any CPU.Build.0 = Debug|Any CPU
		{351D5DA0-09B4-4EE3-897E-7E18BAD96D6E}.Release|Any CPU.ActiveCfg = Release|Any CPU
		{351D5DA0-09B4-4EE3-897E-7E18BAD96D6E}.Release|Any CPU.Build.0 = Release|Any CPU
	EndGlobalSection
	GlobalSection(SolutionProperties) = preSolution
		HideSolutionNode = FALSE
	EndGlobalSection
EndGlobal
